
Microsoft Visual Studio Solution File, Format Version 12.00
# Visual Studio 15
VisualStudioVersion = 15.0.28010.2019
MinimumVisualStudioVersion = 10.0.40219.1
Project("{FAE04EC0-301F-11D3-BF4B-00C04F79EFBC}") = "LINQfeatures", "LINQfeatures\LINQfeatures.csproj", "{9CAAE0BE-05BB-489C-A070-4AE1FF9D88BB}"
EndProject
Project("{FAE04EC0-301F-11D3-BF4B-00C04F79EFBC}") = "Queries", "Queries\Queries.csproj", "{3677A6D2-7077-4739-9700-4DC7A9AC84AB}"
EndProject
Global
	GlobalSection(SolutionConfigurationPlatforms) = preSolution
		Debug|Any CPU = Debug|Any CPU
		Release|Any CPU = Release|Any CPU
	EndGlobalSection
	GlobalSection(ProjectConfigurationPlatforms) = postSolution
		{9CAAE0BE-05BB-489C-A070-4AE1FF9D88BB}.Debug|Any CPU.ActiveCfg = Debug|Any CPU
		{9CAAE0BE-05BB-489C-A070-4AE1FF9D88BB}.Debug|Any CPU.Build.0 = Debug|Any CPU
		{9CAAE0BE-05BB-489C-A070-4AE1FF9D88BB}.Release|Any CPU.ActiveCfg = Release|Any CPU
		{9CAAE0BE-05BB-489C-A070-4AE1FF9D88BB}.Release|Any CPU.Build.0 = Release|Any CPU
		{3677A6D2-7077-4739-9700-4DC7A9AC84AB}.Debug|Any CPU.ActiveCfg = Debug|Any CPU
		{3677A6D2-7077-4739-9700-4DC7A9AC84AB}.Debug|Any CPU.Build.0 = Debug|Any CPU
		{3677A6D2-7077-4739-9700-4DC7A9AC84AB}.Release|Any CPU.ActiveCfg = Release|Any CPU
		{3677A6D2-7077-4739-9700-4DC7A9AC84AB}.Release|Any CPU.Build.0 = Release|Any CPU
	EndGlobalSection
	GlobalSection(SolutionProperties) = preSolution
		HideSolutionNode = FALSE
	EndGlobalSection
	GlobalSection(ExtensibilityGlobals) = postSolution
		SolutionGuid = {DC89F98E-9BC3-4CF8-AC9A-E7EB3EA5DD1B}
	EndGlobalSection
EndGlobal
